
Microsoft Visual Studio Solution File, Format Version 12.00
# Visual Studio Version 16
VisualStudioVersion = 16.0.31613.86
MinimumVisualStudioVersion = 10.0.40219.1
Project("{9A19103F-16F7-4668-BE54-9A1E7A4F7556}") = "Formularios", "Formularios\Formularios.csproj", "{DD659B95-60A1-42CE-A33E-ADE323D0FB33}"
EndProject
Global
	GlobalSection(SolutionConfigurationPlatforms) = preSolution
		Debug|Any CPU = Debug|Any CPU
		Release|Any CPU = Release|Any CPU
	EndGlobalSection
	GlobalSection(ProjectConfigurationPlatforms) = postSolution
		{DD659B95-60A1-42CE-A33E-ADE323D0FB33}.Debug|Any CPU.ActiveCfg = Debug|Any CPU
		{DD659B95-60A1-42CE-A33E-ADE323D0FB33}.Debug|Any CPU.Build.0 = Debug|Any CPU
		{DD659B95-60A1-42CE-A33E-ADE323D0FB33}.Release|Any CPU.ActiveCfg = Release|Any CPU
		{DD659B95-60A1-42CE-A33E-ADE323D0FB33}.Release|Any CPU.Build.0 = Release|Any CPU
	EndGlobalSection
	GlobalSection(SolutionProperties) = preSolution
		HideSolutionNode = FALSE
	EndGlobalSection
	GlobalSection(ExtensibilityGlobals) = postSolution
		SolutionGuid = {A32F2FCB-3E7A-471D-8A0A-42D58546C4CA}
	EndGlobalSection
EndGlobal
